
Microsoft Visual Studio Solution File, Format Version 12.00
# Visual Studio Version 16
VisualStudioVersion = 16.0.30309.148
MinimumVisualStudioVersion = 10.0.40219.1
Project("{FAE04EC0-301F-11D3-BF4B-00C04F79EFBC}") = "PHONGVU", "PHONGVU.csproj", "{BE56EB3B-3D51-4085-AC7E-BB42E0D9D358}"
EndProject
Global
	GlobalSection(SolutionConfigurationPlatforms) = preSolution
		Debug|Any CPU = Debug|Any CPU
		Release|Any CPU = Release|Any CPU
	EndGlobalSection
	GlobalSection(ProjectConfigurationPlatforms) = postSolution
		{BE56EB3B-3D51-4085-AC7E-BB42E0D9D358}.Debug|Any CPU.ActiveCfg = Debug|Any CPU
		{BE56EB3B-3D51-4085-AC7E-BB42E0D9D358}.Debug|Any CPU.Build.0 = Debug|Any CPU
		{BE56EB3B-3D51-4085-AC7E-BB42E0D9D358}.Release|Any CPU.ActiveCfg = Release|Any CPU
		{BE56EB3B-3D51-4085-AC7E-BB42E0D9D358}.Release|Any CPU.Build.0 = Release|Any CPU
	EndGlobalSection
	GlobalSection(SolutionProperties) = preSolution
		HideSolutionNode = FALSE
	EndGlobalSection
	GlobalSection(ExtensibilityGlobals) = postSolution
		SolutionGuid = {94EA9D8B-D245-4C4B-B391-1E276D0186B1}
	EndGlobalSection
EndGlobal
